
Microsoft Visual Studio Solution File, Format Version 12.00
# Visual Studio Version 17
VisualStudioVersion = 17.7.34031.279
MinimumVisualStudioVersion = 10.0.40219.1
Project("{FAE04EC0-301F-11D3-BF4B-00C04F79EFBC}") = "ConsoleApp1", "ConsoleApp1\ConsoleApp1.csproj", "{E2452523-9B45-4D27-9167-85C945933EB5}"
EndProject
Global
	GlobalSection(SolutionConfigurationPlatforms) = preSolution
		Debug|Any CPU = Debug|Any CPU
		Release|Any CPU = Release|Any CPU
	EndGlobalSection
	GlobalSection(ProjectConfigurationPlatforms) = postSolution
		{E2452523-9B45-4D27-9167-85C945933EB5}.Debug|Any CPU.ActiveCfg = Debug|Any CPU
		{E2452523-9B45-4D27-9167-85C945933EB5}.Debug|Any CPU.Build.0 = Debug|Any CPU
		{E2452523-9B45-4D27-9167-85C945933EB5}.Release|Any CPU.ActiveCfg = Release|Any CPU
		{E2452523-9B45-4D27-9167-85C945933EB5}.Release|Any CPU.Build.0 = Release|Any CPU
	EndGlobalSection
	GlobalSection(SolutionProperties) = preSolution
		HideSolutionNode = FALSE
	EndGlobalSection
	GlobalSection(ExtensibilityGlobals) = postSolution
		SolutionGuid = {53C8C258-68BB-4B0C-BF7B-C6619F2FBA8A}
	EndGlobalSection
EndGlobal
