
Microsoft Visual Studio Solution File, Format Version 12.00
# Visual Studio Version 17
VisualStudioVersion = 17.7.34031.279
MinimumVisualStudioVersion = 10.0.40219.1
Project("{FAE04EC0-301F-11D3-BF4B-00C04F79EFBC}") = "ConsoleApp2", "ConsoleApp2\ConsoleApp2.csproj", "{2B2F3BD6-5102-408D-B603-50DBE2AF9A08}"
EndProject
Global
	GlobalSection(SolutionConfigurationPlatforms) = preSolution
		Debug|Any CPU = Debug|Any CPU
		Release|Any CPU = Release|Any CPU
	EndGlobalSection
	GlobalSection(ProjectConfigurationPlatforms) = postSolution
		{2B2F3BD6-5102-408D-B603-50DBE2AF9A08}.Debug|Any CPU.ActiveCfg = Debug|Any CPU
		{2B2F3BD6-5102-408D-B603-50DBE2AF9A08}.Debug|Any CPU.Build.0 = Debug|Any CPU
		{2B2F3BD6-5102-408D-B603-50DBE2AF9A08}.Release|Any CPU.ActiveCfg = Release|Any CPU
		{2B2F3BD6-5102-408D-B603-50DBE2AF9A08}.Release|Any CPU.Build.0 = Release|Any CPU
	EndGlobalSection
	GlobalSection(SolutionProperties) = preSolution
		HideSolutionNode = FALSE
	EndGlobalSection
	GlobalSection(ExtensibilityGlobals) = postSolution
		SolutionGuid = {DA2AC627-59D6-4600-9BD1-379BAFB6832D}
	EndGlobalSection
EndGlobal
